
Microsoft Visual Studio Solution File, Format Version 12.00
# Visual Studio Version 16
VisualStudioVersion = 16.0.31205.134
MinimumVisualStudioVersion = 10.0.40219.1
Project("{9A19103F-16F7-4668-BE54-9A1E7A4F7556}") = "PoliceOp.Models", "PoliceOp.Models\PoliceOp.Models.csproj", "{C8E29C58-D77C-4502-A99E-EFD02778C0AE}"
EndProject
Project("{9A19103F-16F7-4668-BE54-9A1E7A4F7556}") = "PoliceOp.API", "PoliceOp.API\PoliceOp.API.csproj", "{80DAA327-8DF1-43A4-AD4E-6EE8402BB7DB}"
EndProject
Project("{9A19103F-16F7-4668-BE54-9A1E7A4F7556}") = "PoliceOp.OpCenter", "PoliceOp.OpCenter\PoliceOp.OpCenter.csproj", "{55616FA4-E3D3-4ABA-9204-31AF3284B77C}"
EndProject
Global
	GlobalSection(SolutionConfigurationPlatforms) = preSolution
		Debug|Any CPU = Debug|Any CPU
		Release|Any CPU = Release|Any CPU
	EndGlobalSection
	GlobalSection(ProjectConfigurationPlatforms) = postSolution
		{C8E29C58-D77C-4502-A99E-EFD02778C0AE}.Debug|Any CPU.ActiveCfg = Debug|Any CPU
		{C8E29C58-D77C-4502-A99E-EFD02778C0AE}.Debug|Any CPU.Build.0 = Debug|Any CPU
		{C8E29C58-D77C-4502-A99E-EFD02778C0AE}.Release|Any CPU.ActiveCfg = Release|Any CPU
		{C8E29C58-D77C-4502-A99E-EFD02778C0AE}.Release|Any CPU.Build.0 = Release|Any CPU
		{80DAA327-8DF1-43A4-AD4E-6EE8402BB7DB}.Debug|Any CPU.ActiveCfg = Debug|Any CPU
		{80DAA327-8DF1-43A4-AD4E-6EE8402BB7DB}.Debug|Any CPU.Build.0 = Debug|Any CPU
		{80DAA327-8DF1-43A4-AD4E-6EE8402BB7DB}.Release|Any CPU.ActiveCfg = Release|Any CPU
		{80DAA327-8DF1-43A4-AD4E-6EE8402BB7DB}.Release|Any CPU.Build.0 = Release|Any CPU
		{55616FA4-E3D3-4ABA-9204-31AF3284B77C}.Debug|Any CPU.ActiveCfg = Debug|Any CPU
		{55616FA4-E3D3-4ABA-9204-31AF3284B77C}.Debug|Any CPU.Build.0 = Debug|Any CPU
		{55616FA4-E3D3-4ABA-9204-31AF3284B77C}.Release|Any CPU.ActiveCfg = Release|Any CPU
		{55616FA4-E3D3-4ABA-9204-31AF3284B77C}.Release|Any CPU.Build.0 = Release|Any CPU
	EndGlobalSection
	GlobalSection(SolutionProperties) = preSolution
		HideSolutionNode = FALSE
	EndGlobalSection
	GlobalSection(ExtensibilityGlobals) = postSolution
		SolutionGuid = {FA6FF347-ED49-4FDD-9094-1A86ACDCAC65}
	EndGlobalSection
EndGlobal
